
Microsoft Visual Studio Solution File, Format Version 12.00
# Visual Studio Version 17
VisualStudioVersion = 17.14.36429.23 d17.14
MinimumVisualStudioVersion = 10.0.40219.1
Project("{FAE04EC0-301F-11D3-BF4B-00C04F79EFBC}") = "BoutiqueTech", "BoutiqueTech\BoutiqueTech.csproj", "{BBDF1FE9-411C-499E-B853-5AA79B5B567C}"
EndProject
Global
	GlobalSection(SolutionConfigurationPlatforms) = preSolution
		Debug|Any CPU = Debug|Any CPU
		Release|Any CPU = Release|Any CPU
	EndGlobalSection
	GlobalSection(ProjectConfigurationPlatforms) = postSolution
		{BBDF1FE9-411C-499E-B853-5AA79B5B567C}.Debug|Any CPU.ActiveCfg = Debug|Any CPU
		{BBDF1FE9-411C-499E-B853-5AA79B5B567C}.Debug|Any CPU.Build.0 = Debug|Any CPU
		{BBDF1FE9-411C-499E-B853-5AA79B5B567C}.Release|Any CPU.ActiveCfg = Release|Any CPU
		{BBDF1FE9-411C-499E-B853-5AA79B5B567C}.Release|Any CPU.Build.0 = Release|Any CPU
	EndGlobalSection
	GlobalSection(SolutionProperties) = preSolution
		HideSolutionNode = FALSE
	EndGlobalSection
	GlobalSection(ExtensibilityGlobals) = postSolution
		SolutionGuid = {021CE83D-8AAE-427D-AC7B-D27AFED1D323}
	EndGlobalSection
EndGlobal
